Microsoft Visual Studio Solution File, Format Version 12.00
# Visual Studio Version 17
VisualStudioVersion = 17.5.2.0
MinimumVisualStudioVersion = 10.0.40219.1
Project("{FAE04EC0-301F-11D3-BF4B-00C04F79EFBC}") = "csharp-3-calculation-2", "csharp-3-calculation-2.csproj", "{4858FB64-FA2B-91BC-E070-857BF967CB24}"
EndProject
Global
	GlobalSection(SolutionConfigurationPlatforms) = preSolution
		Debug|Any CPU = Debug|Any CPU
		Release|Any CPU = Release|Any CPU
	EndGlobalSection
	GlobalSection(ProjectConfigurationPlatforms) = postSolution
		{4858FB64-FA2B-91BC-E070-857BF967CB24}.Debug|Any CPU.ActiveCfg = Debug|Any CPU
		{4858FB64-FA2B-91BC-E070-857BF967CB24}.Debug|Any CPU.Build.0 = Debug|Any CPU
		{4858FB64-FA2B-91BC-E070-857BF967CB24}.Release|Any CPU.ActiveCfg = Release|Any CPU
		{4858FB64-FA2B-91BC-E070-857BF967CB24}.Release|Any CPU.Build.0 = Release|Any CPU
	EndGlobalSection
	GlobalSection(SolutionProperties) = preSolution
		HideSolutionNode = FALSE
	EndGlobalSection
	GlobalSection(ExtensibilityGlobals) = postSolution
		SolutionGuid = {8C1E166D-B691-4A61-A71F-C06569D784A1}
	EndGlobalSection
EndGlobal
